Microsoft Visual Studio Solution File, Format Version 12.00# Visual Studio 2012Project("{FAE04EC0-301F-11D3-BF4B-00C04F79EFBC}") = "Meta727.Entities", "Meta727.Entities\Meta727.Entities.csproj", "{CDBFB8DB-409B-4C63-94FA-08C0B0671789}"EndProjectProject("{FAE04EC0-301F-11D3-BF4B-00C04F79EFBC}") = "Meta727.Daos.Interfaces", "Meta727.Daos.Interfaces\Meta727.Daos.Interfaces.csproj", "{8407F371-27AE-456C-A988-9835A8E3FF7F}"EndProjectProject("{FAE04EC0-301F-11D3-BF4B-00C04F79EFBC}") = "Meta727.Services.Interfaces", "Meta727.Services.Interfaces\Meta727.Services.Interfaces.csproj", "{B9383F4F-0DD6-4E53-822F-33A0D9DD05C0}"EndProjectProject("{FAE04EC0-301F-11D3-BF4B-00C04F79EFBC}") = "Meta727.Daos", "Meta727.Daos\Meta727.Daos.csproj", "{0B7F8618-CD18-4A06-A8B8-A80820520314}"EndProjectProject("{FAE04EC0-301F-11D3-BF4B-00C04F79EFBC}") = "Meta727.Services", "Meta727.Services\Meta727.Services.csproj", "{F55327B5-449C-4AB3-9973-808F93EC5C96}"EndProjectProject("{FAE04EC0-301F-11D3-BF4B-00C04F79EFBC}") = "Meta727.TestData", "Meta727.TestData\Meta727.TestData.csproj", "{3A887EF8-27E7-4E93-A4DE-FF88DB6DE933}"EndProjectProject("{FAE04EC0-301F-11D3-BF4B-00C04F79EFBC}") = "Meta727.Daos.Mocks", "Meta727.Daos.Mocks\Meta727.Daos.Mocks.csproj", "{2E4050E2-0747-4854-9ECE-6158310F8348}"EndProjectProject("{FAE04EC0-301F-11D3-BF4B-00C04F79EFBC}") = "Meta727.Daos.Tests", "Meta727.Daos.Tests\Meta727.Daos.Tests.csproj", "{565C998F-A552-4540-B544-0421E5675CEF}"EndProjectProject("{FAE04EC0-301F-11D3-BF4B-00C04F79EFBC}") = "Meta727.Services.Tests", "Meta727.Services.Tests\Meta727.Services.Tests.csproj", "{1CF0A719-7E8A-43EB-B819-1C925C902E76}"EndProjectProject("{FAE04EC0-301F-11D3-BF4B-00C04F79EFBC}") = "Meta727.Web", "Meta727.Web\Meta727.Web.csproj", "{4D3B2394-14F6-44A8-95F5-6911229863F4}"EndProjectProject("{FAE04EC0-301F-11D3-BF4B-00C04F79EFBC}") = "Meta727.WebApi", "Meta727.WebApi\Meta727.WebApi.csproj", "{0518A683-0DAB-4D6B-83C3-6914C2A1F37C}"EndProject<!--add customized code between this region--><!--add customized code between this region-->Global	GlobalSection(SolutionConfigurationPlatforms) = preSolution		Debug|Any CPU = Debug|Any CPU		Release|Any CPU = Release|Any CPU	EndGlobalSection	GlobalSection(ProjectConfigurationPlatforms) = postSolution		{CDBFB8DB-409B-4C63-94FA-08C0B0671789}.Debug|Any CPU.ActiveCfg = Debug|Any CPU		{CDBFB8DB-409B-4C63-94FA-08C0B0671789}.Debug|Any CPU.Build.0 = Debug|Any CPU		{CDBFB8DB-409B-4C63-94FA-08C0B0671789}.Release|Any CPU.ActiveCfg = Release|Any CPU		{CDBFB8DB-409B-4C63-94FA-08C0B0671789}.Release|Any CPU.Build.0 = Release|Any CPU		{8407F371-27AE-456C-A988-9835A8E3FF7F}.Debug|Any CPU.ActiveCfg = Debug|Any CPU		{8407F371-27AE-456C-A988-9835A8E3FF7F}.Debug|Any CPU.Build.0 = Debug|Any CPU		{8407F371-27AE-456C-A988-9835A8E3FF7F}.Release|Any CPU.ActiveCfg = Release|Any CPU		{8407F371-27AE-456C-A988-9835A8E3FF7F}.Release|Any CPU.Build.0 = Release|Any CPU		{B9383F4F-0DD6-4E53-822F-33A0D9DD05C0}.Debug|Any CPU.ActiveCfg = Debug|Any CPU		{B9383F4F-0DD6-4E53-822F-33A0D9DD05C0}.Debug|Any CPU.Build.0 = Debug|Any CPU		{B9383F4F-0DD6-4E53-822F-33A0D9DD05C0}.Release|Any CPU.ActiveCfg = Release|Any CPU		{B9383F4F-0DD6-4E53-822F-33A0D9DD05C0}.Release|Any CPU.Build.0 = Release|Any CPU		{0B7F8618-CD18-4A06-A8B8-A80820520314}.Debug|Any CPU.ActiveCfg = Debug|Any CPU		{0B7F8618-CD18-4A06-A8B8-A80820520314}.Debug|Any CPU.Build.0 = Debug|Any CPU		{0B7F8618-CD18-4A06-A8B8-A80820520314}.Release|Any CPU.ActiveCfg = Release|Any CPU		{0B7F8618-CD18-4A06-A8B8-A80820520314}.Release|Any CPU.Build.0 = Release|Any CPU		{F55327B5-449C-4AB3-9973-808F93EC5C96}.Debug|Any CPU.ActiveCfg = Debug|Any CPU		{F55327B5-449C-4AB3-9973-808F93EC5C96}.Debug|Any CPU.Build.0 = Debug|Any CPU		{F55327B5-449C-4AB3-9973-808F93EC5C96}.Release|Any CPU.ActiveCfg = Release|Any CPU		{F55327B5-449C-4AB3-9973-808F93EC5C96}.Release|Any CPU.Build.0 = Release|Any CPU		{3A887EF8-27E7-4E93-A4DE-FF88DB6DE933}.Debug|Any CPU.ActiveCfg = Debug|Any CPU		{3A887EF8-27E7-4E93-A4DE-FF88DB6DE933}.Debug|Any CPU.Build.0 = Debug|Any CPU		{3A887EF8-27E7-4E93-A4DE-FF88DB6DE933}.Release|Any CPU.ActiveCfg = Release|Any CPU		{3A887EF8-27E7-4E93-A4DE-FF88DB6DE933}.Release|Any CPU.Build.0 = Release|Any CPU		{2E4050E2-0747-4854-9ECE-6158310F8348}.Debug|Any CPU.ActiveCfg = Debug|Any CPU		{2E4050E2-0747-4854-9ECE-6158310F8348}.Debug|Any CPU.Build.0 = Debug|Any CPU		{2E4050E2-0747-4854-9ECE-6158310F8348}.Release|Any CPU.ActiveCfg = Release|Any CPU		{2E4050E2-0747-4854-9ECE-6158310F8348}.Release|Any CPU.Build.0 = Release|Any CPU		{565C998F-A552-4540-B544-0421E5675CEF}.Debug|Any CPU.ActiveCfg = Debug|Any CPU		{565C998F-A552-4540-B544-0421E5675CEF}.Debug|Any CPU.Build.0 = Debug|Any CPU		{565C998F-A552-4540-B544-0421E5675CEF}.Release|Any CPU.ActiveCfg = Release|Any CPU		{565C998F-A552-4540-B544-0421E5675CEF}.Release|Any CPU.Build.0 = Release|Any CPU		{1CF0A719-7E8A-43EB-B819-1C925C902E76}.Debug|Any CPU.ActiveCfg = Debug|Any CPU		{1CF0A719-7E8A-43EB-B819-1C925C902E76}.Debug|Any CPU.Build.0 = Debug|Any CPU		{1CF0A719-7E8A-43EB-B819-1C925C902E76}.Release|Any CPU.ActiveCfg = Release|Any CPU		{1CF0A719-7E8A-43EB-B819-1C925C902E76}.Release|Any CPU.Build.0 = Release|Any CPU		{4D3B2394-14F6-44A8-95F5-6911229863F4}.Debug|Any CPU.ActiveCfg = Debug|Any CPU		{4D3B2394-14F6-44A8-95F5-6911229863F4}.Debug|Any CPU.Build.0 = Debug|Any CPU		{4D3B2394-14F6-44A8-95F5-6911229863F4}.Release|Any CPU.ActiveCfg = Release|Any CPU		{4D3B2394-14F6-44A8-95F5-6911229863F4}.Release|Any CPU.Build.0 = Release|Any CPU		{0518A683-0DAB-4D6B-83C3-6914C2A1F37C}.Debug|Any CPU.ActiveCfg = Debug|Any CPU		{0518A683-0DAB-4D6B-83C3-6914C2A1F37C}.Debug|Any CPU.Build.0 = Debug|Any CPU		{0518A683-0DAB-4D6B-83C3-6914C2A1F37C}.Release|Any CPU.ActiveCfg = Release|Any CPU		{0518A683-0DAB-4D6B-83C3-6914C2A1F37C}.Release|Any CPU.Build.0 = Release|Any CPU		<!--add customized code between this region-->		<!--add customized code between this region-->	EndGlobalSection
	GlobalSection(SolutionProperties) = preSolution		HideSolutionNode = FALSE	EndGlobalSectionEndGlobal