Microsoft Visual Studio Solution File, Format Version 12.00# Visual Studio 2012Project("{FAE04EC0-301F-11D3-BF4B-00C04F79EFBC}") = "Meta727.Entities", "Meta727.Entities\Meta727.Entities.csproj", "{E9371937-1F13-446D-8675-5B4CE503E421}"EndProjectProject("{FAE04EC0-301F-11D3-BF4B-00C04F79EFBC}") = "Meta727.Daos.Interfaces", "Meta727.Daos.Interfaces\Meta727.Daos.Interfaces.csproj", "{0D63CE0E-4A81-4742-991B-800D3E9B668D}"EndProjectProject("{FAE04EC0-301F-11D3-BF4B-00C04F79EFBC}") = "Meta727.Services.Interfaces", "Meta727.Services.Interfaces\Meta727.Services.Interfaces.csproj", "{AB4FB68A-1194-48DA-BEB9-EF6184CB390E}"EndProjectProject("{FAE04EC0-301F-11D3-BF4B-00C04F79EFBC}") = "Meta727.Daos", "Meta727.Daos\Meta727.Daos.csproj", "{07E72567-CFD5-4544-8ECF-06CE9030E282}"EndProjectProject("{FAE04EC0-301F-11D3-BF4B-00C04F79EFBC}") = "Meta727.Services", "Meta727.Services\Meta727.Services.csproj", "{5D06E397-9ED7-47CD-9BF2-29FA3C6159AF}"EndProjectProject("{FAE04EC0-301F-11D3-BF4B-00C04F79EFBC}") = "Meta727.TestData", "Meta727.TestData\Meta727.TestData.csproj", "{A1F355DC-D17F-4CD9-99E9-286C463B86BF}"EndProjectProject("{FAE04EC0-301F-11D3-BF4B-00C04F79EFBC}") = "Meta727.Daos.Mocks", "Meta727.Daos.Mocks\Meta727.Daos.Mocks.csproj", "{817E2EC4-DE0E-44CB-848D-22B758D3EDB3}"EndProjectProject("{FAE04EC0-301F-11D3-BF4B-00C04F79EFBC}") = "Meta727.Daos.Tests", "Meta727.Daos.Tests\Meta727.Daos.Tests.csproj", "{BF2DC122-77F1-495E-9D00-AC6CAB489A89}"EndProjectProject("{FAE04EC0-301F-11D3-BF4B-00C04F79EFBC}") = "Meta727.Services.Tests", "Meta727.Services.Tests\Meta727.Services.Tests.csproj", "{3A69C185-2F5B-48AC-906A-A2472C93808D}"EndProjectProject("{FAE04EC0-301F-11D3-BF4B-00C04F79EFBC}") = "Meta727.Web", "Meta727.Web\Meta727.Web.csproj", "{20D196E3-1A5B-461C-9A64-198E8568EDB7}"EndProjectProject("{FAE04EC0-301F-11D3-BF4B-00C04F79EFBC}") = "Meta727.WebApi", "Meta727.WebApi\Meta727.WebApi.csproj", "{2540E4C1-C3D0-4FAB-B7D9-76C2A15A8170}"EndProject<!--add customized code between this region--><!--add customized code between this region-->Global	GlobalSection(SolutionConfigurationPlatforms) = preSolution		Debug|Any CPU = Debug|Any CPU		Release|Any CPU = Release|Any CPU	EndGlobalSection	GlobalSection(ProjectConfigurationPlatforms) = postSolution		{E9371937-1F13-446D-8675-5B4CE503E421}.Debug|Any CPU.ActiveCfg = Debug|Any CPU		{E9371937-1F13-446D-8675-5B4CE503E421}.Debug|Any CPU.Build.0 = Debug|Any CPU		{E9371937-1F13-446D-8675-5B4CE503E421}.Release|Any CPU.ActiveCfg = Release|Any CPU		{E9371937-1F13-446D-8675-5B4CE503E421}.Release|Any CPU.Build.0 = Release|Any CPU		{0D63CE0E-4A81-4742-991B-800D3E9B668D}.Debug|Any CPU.ActiveCfg = Debug|Any CPU		{0D63CE0E-4A81-4742-991B-800D3E9B668D}.Debug|Any CPU.Build.0 = Debug|Any CPU		{0D63CE0E-4A81-4742-991B-800D3E9B668D}.Release|Any CPU.ActiveCfg = Release|Any CPU		{0D63CE0E-4A81-4742-991B-800D3E9B668D}.Release|Any CPU.Build.0 = Release|Any CPU		{AB4FB68A-1194-48DA-BEB9-EF6184CB390E}.Debug|Any CPU.ActiveCfg = Debug|Any CPU		{AB4FB68A-1194-48DA-BEB9-EF6184CB390E}.Debug|Any CPU.Build.0 = Debug|Any CPU		{AB4FB68A-1194-48DA-BEB9-EF6184CB390E}.Release|Any CPU.ActiveCfg = Release|Any CPU		{AB4FB68A-1194-48DA-BEB9-EF6184CB390E}.Release|Any CPU.Build.0 = Release|Any CPU		{07E72567-CFD5-4544-8ECF-06CE9030E282}.Debug|Any CPU.ActiveCfg = Debug|Any CPU		{07E72567-CFD5-4544-8ECF-06CE9030E282}.Debug|Any CPU.Build.0 = Debug|Any CPU		{07E72567-CFD5-4544-8ECF-06CE9030E282}.Release|Any CPU.ActiveCfg = Release|Any CPU		{07E72567-CFD5-4544-8ECF-06CE9030E282}.Release|Any CPU.Build.0 = Release|Any CPU		{5D06E397-9ED7-47CD-9BF2-29FA3C6159AF}.Debug|Any CPU.ActiveCfg = Debug|Any CPU		{5D06E397-9ED7-47CD-9BF2-29FA3C6159AF}.Debug|Any CPU.Build.0 = Debug|Any CPU		{5D06E397-9ED7-47CD-9BF2-29FA3C6159AF}.Release|Any CPU.ActiveCfg = Release|Any CPU		{5D06E397-9ED7-47CD-9BF2-29FA3C6159AF}.Release|Any CPU.Build.0 = Release|Any CPU		{A1F355DC-D17F-4CD9-99E9-286C463B86BF}.Debug|Any CPU.ActiveCfg = Debug|Any CPU		{A1F355DC-D17F-4CD9-99E9-286C463B86BF}.Debug|Any CPU.Build.0 = Debug|Any CPU		{A1F355DC-D17F-4CD9-99E9-286C463B86BF}.Release|Any CPU.ActiveCfg = Release|Any CPU		{A1F355DC-D17F-4CD9-99E9-286C463B86BF}.Release|Any CPU.Build.0 = Release|Any CPU		{817E2EC4-DE0E-44CB-848D-22B758D3EDB3}.Debug|Any CPU.ActiveCfg = Debug|Any CPU		{817E2EC4-DE0E-44CB-848D-22B758D3EDB3}.Debug|Any CPU.Build.0 = Debug|Any CPU		{817E2EC4-DE0E-44CB-848D-22B758D3EDB3}.Release|Any CPU.ActiveCfg = Release|Any CPU		{817E2EC4-DE0E-44CB-848D-22B758D3EDB3}.Release|Any CPU.Build.0 = Release|Any CPU		{BF2DC122-77F1-495E-9D00-AC6CAB489A89}.Debug|Any CPU.ActiveCfg = Debug|Any CPU		{BF2DC122-77F1-495E-9D00-AC6CAB489A89}.Debug|Any CPU.Build.0 = Debug|Any CPU		{BF2DC122-77F1-495E-9D00-AC6CAB489A89}.Release|Any CPU.ActiveCfg = Release|Any CPU		{BF2DC122-77F1-495E-9D00-AC6CAB489A89}.Release|Any CPU.Build.0 = Release|Any CPU		{3A69C185-2F5B-48AC-906A-A2472C93808D}.Debug|Any CPU.ActiveCfg = Debug|Any CPU		{3A69C185-2F5B-48AC-906A-A2472C93808D}.Debug|Any CPU.Build.0 = Debug|Any CPU		{3A69C185-2F5B-48AC-906A-A2472C93808D}.Release|Any CPU.ActiveCfg = Release|Any CPU		{3A69C185-2F5B-48AC-906A-A2472C93808D}.Release|Any CPU.Build.0 = Release|Any CPU		{20D196E3-1A5B-461C-9A64-198E8568EDB7}.Debug|Any CPU.ActiveCfg = Debug|Any CPU		{20D196E3-1A5B-461C-9A64-198E8568EDB7}.Debug|Any CPU.Build.0 = Debug|Any CPU		{20D196E3-1A5B-461C-9A64-198E8568EDB7}.Release|Any CPU.ActiveCfg = Release|Any CPU		{20D196E3-1A5B-461C-9A64-198E8568EDB7}.Release|Any CPU.Build.0 = Release|Any CPU		{2540E4C1-C3D0-4FAB-B7D9-76C2A15A8170}.Debug|Any CPU.ActiveCfg = Debug|Any CPU		{2540E4C1-C3D0-4FAB-B7D9-76C2A15A8170}.Debug|Any CPU.Build.0 = Debug|Any CPU		{2540E4C1-C3D0-4FAB-B7D9-76C2A15A8170}.Release|Any CPU.ActiveCfg = Release|Any CPU		{2540E4C1-C3D0-4FAB-B7D9-76C2A15A8170}.Release|Any CPU.Build.0 = Release|Any CPU		<!--add customized code between this region-->		<!--add customized code between this region-->	EndGlobalSection
	GlobalSection(SolutionProperties) = preSolution		HideSolutionNode = FALSE	EndGlobalSectionEndGlobal