Microsoft Visual Studio Solution File, Format Version 12.00# Visual Studio 2012Project("{FAE04EC0-301F-11D3-BF4B-00C04F79EFBC}") = "Meta727.Entities", "Meta727.Entities\Meta727.Entities.csproj", "{5107E726-2EF2-4E57-B5F8-EFCB72547B85}"EndProjectProject("{FAE04EC0-301F-11D3-BF4B-00C04F79EFBC}") = "Meta727.Daos.Interfaces", "Meta727.Daos.Interfaces\Meta727.Daos.Interfaces.csproj", "{35374D31-3773-4EA5-8C93-C382ED940839}"EndProjectProject("{FAE04EC0-301F-11D3-BF4B-00C04F79EFBC}") = "Meta727.Services.Interfaces", "Meta727.Services.Interfaces\Meta727.Services.Interfaces.csproj", "{7135D152-5A20-4601-B5AB-E7D1EB5DF497}"EndProjectProject("{FAE04EC0-301F-11D3-BF4B-00C04F79EFBC}") = "Meta727.Daos", "Meta727.Daos\Meta727.Daos.csproj", "{05EE1821-8242-49E4-B0AC-EA23D8264272}"EndProjectProject("{FAE04EC0-301F-11D3-BF4B-00C04F79EFBC}") = "Meta727.Services", "Meta727.Services\Meta727.Services.csproj", "{E4D9FACC-7E04-46B3-AFAE-0C2C55DC55BA}"EndProjectProject("{FAE04EC0-301F-11D3-BF4B-00C04F79EFBC}") = "Meta727.TestData", "Meta727.TestData\Meta727.TestData.csproj", "{A2A083A4-C5F2-45B2-8A40-F9A0652B0709}"EndProjectProject("{FAE04EC0-301F-11D3-BF4B-00C04F79EFBC}") = "Meta727.Daos.Mocks", "Meta727.Daos.Mocks\Meta727.Daos.Mocks.csproj", "{DAF63E49-3674-45BE-B029-2E46EEB73B16}"EndProjectProject("{FAE04EC0-301F-11D3-BF4B-00C04F79EFBC}") = "Meta727.Daos.Tests", "Meta727.Daos.Tests\Meta727.Daos.Tests.csproj", "{47EFB670-75D9-4C1C-A7F7-025B308C9351}"EndProjectProject("{FAE04EC0-301F-11D3-BF4B-00C04F79EFBC}") = "Meta727.Services.Tests", "Meta727.Services.Tests\Meta727.Services.Tests.csproj", "{3395129B-3142-4C51-8CE8-FA6F27BD3F15}"EndProjectProject("{FAE04EC0-301F-11D3-BF4B-00C04F79EFBC}") = "Meta727.Web", "Meta727.Web\Meta727.Web.csproj", "{72859068-A048-4B30-B2F1-8767D016BA4C}"EndProjectProject("{FAE04EC0-301F-11D3-BF4B-00C04F79EFBC}") = "Meta727.WebApi", "Meta727.WebApi\Meta727.WebApi.csproj", "{D286D347-9FC0-4DE1-97BE-69A75D5E9BC7}"EndProject<!--add customized code between this region--><!--add customized code between this region-->Global	GlobalSection(SolutionConfigurationPlatforms) = preSolution		Debug|Any CPU = Debug|Any CPU		Release|Any CPU = Release|Any CPU	EndGlobalSection	GlobalSection(ProjectConfigurationPlatforms) = postSolution		{5107E726-2EF2-4E57-B5F8-EFCB72547B85}.Debug|Any CPU.ActiveCfg = Debug|Any CPU		{5107E726-2EF2-4E57-B5F8-EFCB72547B85}.Debug|Any CPU.Build.0 = Debug|Any CPU		{5107E726-2EF2-4E57-B5F8-EFCB72547B85}.Release|Any CPU.ActiveCfg = Release|Any CPU		{5107E726-2EF2-4E57-B5F8-EFCB72547B85}.Release|Any CPU.Build.0 = Release|Any CPU		{35374D31-3773-4EA5-8C93-C382ED940839}.Debug|Any CPU.ActiveCfg = Debug|Any CPU		{35374D31-3773-4EA5-8C93-C382ED940839}.Debug|Any CPU.Build.0 = Debug|Any CPU		{35374D31-3773-4EA5-8C93-C382ED940839}.Release|Any CPU.ActiveCfg = Release|Any CPU		{35374D31-3773-4EA5-8C93-C382ED940839}.Release|Any CPU.Build.0 = Release|Any CPU		{7135D152-5A20-4601-B5AB-E7D1EB5DF497}.Debug|Any CPU.ActiveCfg = Debug|Any CPU		{7135D152-5A20-4601-B5AB-E7D1EB5DF497}.Debug|Any CPU.Build.0 = Debug|Any CPU		{7135D152-5A20-4601-B5AB-E7D1EB5DF497}.Release|Any CPU.ActiveCfg = Release|Any CPU		{7135D152-5A20-4601-B5AB-E7D1EB5DF497}.Release|Any CPU.Build.0 = Release|Any CPU		{05EE1821-8242-49E4-B0AC-EA23D8264272}.Debug|Any CPU.ActiveCfg = Debug|Any CPU		{05EE1821-8242-49E4-B0AC-EA23D8264272}.Debug|Any CPU.Build.0 = Debug|Any CPU		{05EE1821-8242-49E4-B0AC-EA23D8264272}.Release|Any CPU.ActiveCfg = Release|Any CPU		{05EE1821-8242-49E4-B0AC-EA23D8264272}.Release|Any CPU.Build.0 = Release|Any CPU		{E4D9FACC-7E04-46B3-AFAE-0C2C55DC55BA}.Debug|Any CPU.ActiveCfg = Debug|Any CPU		{E4D9FACC-7E04-46B3-AFAE-0C2C55DC55BA}.Debug|Any CPU.Build.0 = Debug|Any CPU		{E4D9FACC-7E04-46B3-AFAE-0C2C55DC55BA}.Release|Any CPU.ActiveCfg = Release|Any CPU		{E4D9FACC-7E04-46B3-AFAE-0C2C55DC55BA}.Release|Any CPU.Build.0 = Release|Any CPU		{A2A083A4-C5F2-45B2-8A40-F9A0652B0709}.Debug|Any CPU.ActiveCfg = Debug|Any CPU		{A2A083A4-C5F2-45B2-8A40-F9A0652B0709}.Debug|Any CPU.Build.0 = Debug|Any CPU		{A2A083A4-C5F2-45B2-8A40-F9A0652B0709}.Release|Any CPU.ActiveCfg = Release|Any CPU		{A2A083A4-C5F2-45B2-8A40-F9A0652B0709}.Release|Any CPU.Build.0 = Release|Any CPU		{DAF63E49-3674-45BE-B029-2E46EEB73B16}.Debug|Any CPU.ActiveCfg = Debug|Any CPU		{DAF63E49-3674-45BE-B029-2E46EEB73B16}.Debug|Any CPU.Build.0 = Debug|Any CPU		{DAF63E49-3674-45BE-B029-2E46EEB73B16}.Release|Any CPU.ActiveCfg = Release|Any CPU		{DAF63E49-3674-45BE-B029-2E46EEB73B16}.Release|Any CPU.Build.0 = Release|Any CPU		{47EFB670-75D9-4C1C-A7F7-025B308C9351}.Debug|Any CPU.ActiveCfg = Debug|Any CPU		{47EFB670-75D9-4C1C-A7F7-025B308C9351}.Debug|Any CPU.Build.0 = Debug|Any CPU		{47EFB670-75D9-4C1C-A7F7-025B308C9351}.Release|Any CPU.ActiveCfg = Release|Any CPU		{47EFB670-75D9-4C1C-A7F7-025B308C9351}.Release|Any CPU.Build.0 = Release|Any CPU		{3395129B-3142-4C51-8CE8-FA6F27BD3F15}.Debug|Any CPU.ActiveCfg = Debug|Any CPU		{3395129B-3142-4C51-8CE8-FA6F27BD3F15}.Debug|Any CPU.Build.0 = Debug|Any CPU		{3395129B-3142-4C51-8CE8-FA6F27BD3F15}.Release|Any CPU.ActiveCfg = Release|Any CPU		{3395129B-3142-4C51-8CE8-FA6F27BD3F15}.Release|Any CPU.Build.0 = Release|Any CPU		{72859068-A048-4B30-B2F1-8767D016BA4C}.Debug|Any CPU.ActiveCfg = Debug|Any CPU		{72859068-A048-4B30-B2F1-8767D016BA4C}.Debug|Any CPU.Build.0 = Debug|Any CPU		{72859068-A048-4B30-B2F1-8767D016BA4C}.Release|Any CPU.ActiveCfg = Release|Any CPU		{72859068-A048-4B30-B2F1-8767D016BA4C}.Release|Any CPU.Build.0 = Release|Any CPU		{D286D347-9FC0-4DE1-97BE-69A75D5E9BC7}.Debug|Any CPU.ActiveCfg = Debug|Any CPU		{D286D347-9FC0-4DE1-97BE-69A75D5E9BC7}.Debug|Any CPU.Build.0 = Debug|Any CPU		{D286D347-9FC0-4DE1-97BE-69A75D5E9BC7}.Release|Any CPU.ActiveCfg = Release|Any CPU		{D286D347-9FC0-4DE1-97BE-69A75D5E9BC7}.Release|Any CPU.Build.0 = Release|Any CPU		<!--add customized code between this region-->		<!--add customized code between this region-->	EndGlobalSection
	GlobalSection(SolutionProperties) = preSolution		HideSolutionNode = FALSE	EndGlobalSectionEndGlobal